<?xml version="1.0" encoding="utf-8"?>
<Project ToolsVersion="4.0" xmlns="http://schemas.microsoft.com/developer/msbuild/2003">
  <ItemGroup>
    <Filter Include="Source Files">
      <UniqueIdentifier>{4FC737F1-C7A5-4376-A066-2A32D752A2FF}</UniqueIdentifier>
      <Extensions>cpp;cxx;c;def</Extensions>
    </Filter>
    <Filter Include="Header Files">
      <UniqueIdentifier>{93995380-89BD-4b04-88EB-625FBE52EBFB}</UniqueIdentifier>
      <Extensions>h</Extensions>
    </Filter>
    <Filter Include="Form Files">
      <UniqueIdentifier>{99349809-55BA-4b9d-BF79-8FDBB0286EB3}</UniqueIdentifier>
      <Extensions>ui</Extensions>
    </Filter>
    <Filter Include="Resource Files">
      <UniqueIdentifier>{D9D6E242-F8AF-46E4-B9FD-80ECBC20BA3E}</UniqueIdentifier>
      <Extensions>qrc;*</Extensions>
      <ParseFiles>false</ParseFiles>
    </Filter>
    <Filter Include="Generated Files">
      <UniqueIdentifier>{71ED8ED8-ACB9-4CE9-BBE1-E00B30144E11}</UniqueIdentifier>
      <Extensions>moc;h;cpp</Extensions>
      <SourceControlFiles>False</SourceControlFiles>
    </Filter>
    <Filter Include="Generated Files\Debug">
      <UniqueIdentifier>{95722323-1710-4456-b625-96a9ec09bced}</UniqueIdentifier>
      <Extensions>cpp;moc</Extensions>
      <SourceControlFiles>False</SourceControlFiles>
    </Filter>
    <Filter Include="Generated Files\Release">
      <UniqueIdentifier>{a41c342b-941c-432a-8416-9868648dd306}</UniqueIdentifier>
      <Extensions>cpp;moc</Extensions>
      <SourceControlFiles>False</SourceControlFiles>
    </Filter>
    <Filter Include="Header Files\Authentification">
      <UniqueIdentifier>{b018e101-db66-4990-80b2-322bf027565f}</UniqueIdentifier>
    </Filter>
    <Filter Include="Header Files\Common">
      <UniqueIdentifier>{6596cca6-7741-42a2-93cd-2a62f3808fdc}</UniqueIdentifier>
    </Filter>
    <Filter Include="Header Files\Help">
      <UniqueIdentifier>{29af5734-e1f6-42df-8ddc-0a191854558c}</UniqueIdentifier>
    </Filter>
    <Filter Include="Header Files\QueryInfo">
      <UniqueIdentifier>{ddf1568b-f3b4-4ccb-b5b2-02540583188a}</UniqueIdentifier>
    </Filter>
    <Filter Include="Header Files\SystemSettings">
      <UniqueIdentifier>{294ef9fd-1649-4db4-9038-e6388a601c1c}</UniqueIdentifier>
    </Filter>
    <Filter Include="Header Files\Window">
      <UniqueIdentifier>{172327ec-bdab-4c5b-9cd3-6e48344b8d54}</UniqueIdentifier>
    </Filter>
    <Filter Include="Source Files\Authentification">
      <UniqueIdentifier>{7f311434-e54c-446b-9ee7-f690119ffbf7}</UniqueIdentifier>
    </Filter>
    <Filter Include="Source Files\Common">
      <UniqueIdentifier>{b9b26d27-c15b-494b-a5c5-4ba366f4357f}</UniqueIdentifier>
    </Filter>
    <Filter Include="Source Files\Help">
      <UniqueIdentifier>{77958dee-a01b-4649-b36f-c3d9f788ee03}</UniqueIdentifier>
    </Filter>
    <Filter Include="Source Files\Window">
      <UniqueIdentifier>{0ad478e6-c2dc-45e3-a2e9-21a7811da5e0}</UniqueIdentifier>
    </Filter>
    <Filter Include="Source Files\SystemSettings">
      <UniqueIdentifier>{e4fde8d0-6d4b-4dc5-b9cd-fb8ec58d249b}</UniqueIdentifier>
    </Filter>
    <Filter Include="Source Files\QueryInfo">
      <UniqueIdentifier>{b12a35c9-2eed-4a82-a418-3e40ae860581}</UniqueIdentifier>
    </Filter>
    <Filter Include="Form Files\Authentification">
      <UniqueIdentifier>{c7ebd5ff-f8e8-4b89-ae1b-682e20b2768e}</UniqueIdentifier>
    </Filter>
    <Filter Include="Form Files\Common">
      <UniqueIdentifier>{3b3c2de3-8453-4cdb-9cc9-a6922d38421b}</UniqueIdentifier>
    </Filter>
    <Filter Include="Form Files\Help">
      <UniqueIdentifier>{796802ba-6c93-4535-ba49-8c668916c9f8}</UniqueIdentifier>
    </Filter>
    <Filter Include="Form Files\Window">
      <UniqueIdentifier>{4bc9bcd0-bdd0-4b02-8a7b-f4be739eaec9}</UniqueIdentifier>
    </Filter>
    <Filter Include="Form Files\SystemSettings">
      <UniqueIdentifier>{e4bc69bf-2bf2-4fd0-a3c0-9012ec956a6b}</UniqueIdentifier>
    </Filter>
    <Filter Include="Form Files\QueryInfo">
      <UniqueIdentifier>{3009c4db-538a-4620-b056-fc58ca4c7e9e}</UniqueIdentifier>
    </Filter>
    <Filter Include="Utils">
      <UniqueIdentifier>{21d326ae-18bd-4ae4-84e8-f6f0086f8395}</UniqueIdentifier>
    </Filter>
    <Filter Include="Network">
      <UniqueIdentifier>{ec1518db-e986-4689-9d7a-aa28f10bba83}</UniqueIdentifier>
    </Filter>
    <Filter Include="Data">
      <UniqueIdentifier>{8207972a-4cf5-427b-8ded-ed75a36448ff}</UniqueIdentifier>
    </Filter>
    <Filter Include="Business">
      <UniqueIdentifier>{d0975dd3-1cd6-49de-a56b-4bb7b7b4b1f2}</UniqueIdentifier>
    </Filter>
    <Filter Include="Agent">
      <UniqueIdentifier>{0ec84da1-62bd-42a4-a077-3bd1d736a3a5}</UniqueIdentifier>
    </Filter>
    <Filter Include="Log">
      <UniqueIdentifier>{78f5e248-eba7-4be8-b427-684974317a73}</UniqueIdentifier>
    </Filter>
    <Filter Include="LocalService">
      <UniqueIdentifier>{9bf7455b-4627-48c7-a913-0c986546585e}</UniqueIdentifier>
    </Filter>
  </ItemGroup>
  <ItemGroup>
    <ClCompile Include="main.cpp">
      <Filter>Source Files</Filter>
    </ClCompile>
    <ClCompile Include="MBRClient.cpp">
      <Filter>Source Files</Filter>
    </ClCompile>
    <ClCompile Include="GeneratedFiles\Debug\moc_MBRClient.cpp">
      <Filter>Generated Files\Debug</Filter>
    </ClCompile>
    <ClCompile Include="GeneratedFiles\Release\moc_MBRClient.cpp">
      <Filter>Generated Files\Release</Filter>
    </ClCompile>
    <ClCompile Include="GeneratedFiles\qrc_MBRClient.cpp">
      <Filter>Generated Files</Filter>
    </ClCompile>
    <ClCompile Include="TopBarWidget.cpp">
      <Filter>Source Files</Filter>
    </ClCompile>
    <ClCompile Include="GeneratedFiles\Debug\moc_TopBarWidget.cpp">
      <Filter>Generated Files\Debug</Filter>
    </ClCompile>
    <ClCompile Include="GeneratedFiles\Release\moc_TopBarWidget.cpp">
      <Filter>Generated Files\Release</Filter>
    </ClCompile>
    <ClCompile Include="StatusBarWidget.cpp">
      <Filter>Source Files</Filter>
    </ClCompile>
    <ClCompile Include="GeneratedFiles\Debug\moc_StatusBarWidget.cpp">
      <Filter>Generated Files\Debug</Filter>
    </ClCompile>
    <ClCompile Include="GeneratedFiles\Release\moc_StatusBarWidget.cpp">
      <Filter>Generated Files\Release</Filter>
    </ClCompile>
    <ClCompile Include="GeneratedFiles\Debug\moc_ConfigWindow.cpp">
      <Filter>Generated Files\Debug</Filter>
    </ClCompile>
    <ClCompile Include="GeneratedFiles\Release\moc_ConfigWindow.cpp">
      <Filter>Generated Files\Release</Filter>
    </ClCompile>
    <ClCompile Include="GeneratedFiles\Debug\moc_LoadingWindow.cpp">
      <Filter>Generated Files\Debug</Filter>
    </ClCompile>
    <ClCompile Include="GeneratedFiles\Release\moc_LoadingWindow.cpp">
      <Filter>Generated Files\Release</Filter>
    </ClCompile>
    <ClCompile Include="GeneratedFiles\Debug\moc_LoginWindow.cpp">
      <Filter>Generated Files\Debug</Filter>
    </ClCompile>
    <ClCompile Include="GeneratedFiles\Release\moc_LoginWindow.cpp">
      <Filter>Generated Files\Release</Filter>
    </ClCompile>
    <ClCompile Include="GeneratedFiles\Debug\moc_RegisterWindow.cpp">
      <Filter>Generated Files\Debug</Filter>
    </ClCompile>
    <ClCompile Include="GeneratedFiles\Release\moc_RegisterWindow.cpp">
      <Filter>Generated Files\Release</Filter>
    </ClCompile>
    <ClCompile Include="GeneratedFiles\Debug\moc_ModifyPasswdPage.cpp">
      <Filter>Generated Files\Debug</Filter>
    </ClCompile>
    <ClCompile Include="GeneratedFiles\Release\moc_ModifyPasswdPage.cpp">
      <Filter>Generated Files\Release</Filter>
    </ClCompile>
    <ClCompile Include="GeneratedFiles\Debug\moc_SystemSettingsPage.cpp">
      <Filter>Generated Files\Debug</Filter>
    </ClCompile>
    <ClCompile Include="GeneratedFiles\Release\moc_SystemSettingsPage.cpp">
      <Filter>Generated Files\Release</Filter>
    </ClCompile>
    <ClCompile Include="GeneratedFiles\Debug\moc_InfoQueryPage.cpp">
      <Filter>Generated Files\Debug</Filter>
    </ClCompile>
    <ClCompile Include="GeneratedFiles\Release\moc_InfoQueryPage.cpp">
      <Filter>Generated Files\Release</Filter>
    </ClCompile>
    <ClCompile Include="GeneratedFiles\Debug\moc_ModelInfoQueryPage.cpp">
      <Filter>Generated Files\Debug</Filter>
    </ClCompile>
    <ClCompile Include="GeneratedFiles\Release\moc_ModelInfoQueryPage.cpp">
      <Filter>Generated Files\Release</Filter>
    </ClCompile>
    <ClCompile Include="GeneratedFiles\Debug\moc_RecogInfoQueryPage.cpp">
      <Filter>Generated Files\Debug</Filter>
    </ClCompile>
    <ClCompile Include="GeneratedFiles\Release\moc_RecogInfoQueryPage.cpp">
      <Filter>Generated Files\Release</Filter>
    </ClCompile>
    <ClCompile Include="GeneratedFiles\Debug\moc_RecordQueryPage.cpp">
      <Filter>Generated Files\Debug</Filter>
    </ClCompile>
    <ClCompile Include="GeneratedFiles\Release\moc_RecordQueryPage.cpp">
      <Filter>Generated Files\Release</Filter>
    </ClCompile>
    <ClCompile Include="GeneratedFiles\Debug\moc_HelpPage.cpp">
      <Filter>Generated Files\Debug</Filter>
    </ClCompile>
    <ClCompile Include="GeneratedFiles\Release\moc_HelpPage.cpp">
      <Filter>Generated Files\Release</Filter>
    </ClCompile>
    <ClCompile Include="GeneratedFiles\Debug\moc_BaseDialog.cpp">
      <Filter>Generated Files\Debug</Filter>
    </ClCompile>
    <ClCompile Include="GeneratedFiles\Release\moc_BaseDialog.cpp">
      <Filter>Generated Files\Release</Filter>
    </ClCompile>
    <ClCompile Include="GeneratedFiles\Debug\moc_BioTypeWidget.cpp">
      <Filter>Generated Files\Debug</Filter>
    </ClCompile>
    <ClCompile Include="GeneratedFiles\Release\moc_BioTypeWidget.cpp">
      <Filter>Generated Files\Release</Filter>
    </ClCompile>
    <ClCompile Include="GeneratedFiles\Debug\moc_FramelessHelper.cpp">
      <Filter>Generated Files\Debug</Filter>
    </ClCompile>
    <ClCompile Include="GeneratedFiles\Release\moc_FramelessHelper.cpp">
      <Filter>Generated Files\Release</Filter>
    </ClCompile>
    <ClCompile Include="GeneratedFiles\Debug\moc_IpAddressPartWidget.cpp">
      <Filter>Generated Files\Debug</Filter>
    </ClCompile>
    <ClCompile Include="GeneratedFiles\Release\moc_IpAddressPartWidget.cpp">
      <Filter>Generated Files\Release</Filter>
    </ClCompile>
    <ClCompile Include="GeneratedFiles\Debug\moc_IpAddressWidget.cpp">
      <Filter>Generated Files\Debug</Filter>
    </ClCompile>
    <ClCompile Include="GeneratedFiles\Release\moc_IpAddressWidget.cpp">
      <Filter>Generated Files\Release</Filter>
    </ClCompile>
    <ClCompile Include="GeneratedFiles\Debug\moc_LoadingWidget.cpp">
      <Filter>Generated Files\Debug</Filter>
    </ClCompile>
    <ClCompile Include="GeneratedFiles\Release\moc_LoadingWidget.cpp">
      <Filter>Generated Files\Release</Filter>
    </ClCompile>
    <ClCompile Include="GeneratedFiles\Debug\moc_PictureShowWidget.cpp">
      <Filter>Generated Files\Debug</Filter>
    </ClCompile>
    <ClCompile Include="GeneratedFiles\Release\moc_PictureShowWidget.cpp">
      <Filter>Generated Files\Release</Filter>
    </ClCompile>
    <ClCompile Include="GeneratedFiles\Debug\moc_ProgressIndicator.cpp">
      <Filter>Generated Files\Debug</Filter>
    </ClCompile>
    <ClCompile Include="GeneratedFiles\Release\moc_ProgressIndicator.cpp">
      <Filter>Generated Files\Release</Filter>
    </ClCompile>
    <ClCompile Include="GeneratedFiles\Debug\moc_AuthentificationPage.cpp">
      <Filter>Generated Files\Debug</Filter>
    </ClCompile>
    <ClCompile Include="GeneratedFiles\Release\moc_AuthentificationPage.cpp">
      <Filter>Generated Files\Release</Filter>
    </ClCompile>
    <ClCompile Include="GeneratedFiles\Debug\moc_AuthModeSelectionPage.cpp">
      <Filter>Generated Files\Debug</Filter>
    </ClCompile>
    <ClCompile Include="GeneratedFiles\Release\moc_AuthModeSelectionPage.cpp">
      <Filter>Generated Files\Release</Filter>
    </ClCompile>
    <ClCompile Include="GeneratedFiles\Debug\moc_CollectionResultPage.cpp">
      <Filter>Generated Files\Debug</Filter>
    </ClCompile>
    <ClCompile Include="GeneratedFiles\Release\moc_CollectionResultPage.cpp">
      <Filter>Generated Files\Release</Filter>
    </ClCompile>
    <ClCompile Include="GeneratedFiles\Debug\moc_CreatePersonInfoPage.cpp">
      <Filter>Generated Files\Debug</Filter>
    </ClCompile>
    <ClCompile Include="GeneratedFiles\Release\moc_CreatePersonInfoPage.cpp">
      <Filter>Generated Files\Release</Filter>
    </ClCompile>
    <ClCompile Include="GeneratedFiles\Debug\moc_FaceBusinessPage.cpp">
      <Filter>Generated Files\Debug</Filter>
    </ClCompile>
    <ClCompile Include="GeneratedFiles\Release\moc_FaceBusinessPage.cpp">
      <Filter>Generated Files\Release</Filter>
    </ClCompile>
    <ClCompile Include="GeneratedFiles\Debug\moc_FingerBusinessPage.cpp">
      <Filter>Generated Files\Debug</Filter>
    </ClCompile>
    <ClCompile Include="GeneratedFiles\Release\moc_FingerBusinessPage.cpp">
      <Filter>Generated Files\Release</Filter>
    </ClCompile>
    <ClCompile Include="GeneratedFiles\Debug\moc_RecogResultPage.cpp">
      <Filter>Generated Files\Debug</Filter>
    </ClCompile>
    <ClCompile Include="GeneratedFiles\Release\moc_RecogResultPage.cpp">
      <Filter>Generated Files\Release</Filter>
    </ClCompile>
    <ClCompile Include="GeneratedFiles\Debug\moc_VeinBusinessPage.cpp">
      <Filter>Generated Files\Debug</Filter>
    </ClCompile>
    <ClCompile Include="GeneratedFiles\Release\moc_VeinBusinessPage.cpp">
      <Filter>Generated Files\Release</Filter>
    </ClCompile>
    <ClCompile Include="Authentification\AuthentificationPage.cpp">
      <Filter>Source Files\Authentification</Filter>
    </ClCompile>
    <ClCompile Include="Authentification\AuthModeSelectionPage.cpp">
      <Filter>Source Files\Authentification</Filter>
    </ClCompile>
    <ClCompile Include="Authentification\CollectionResultPage.cpp">
      <Filter>Source Files\Authentification</Filter>
    </ClCompile>
    <ClCompile Include="Authentification\CreatePersonInfoPage.cpp">
      <Filter>Source Files\Authentification</Filter>
    </ClCompile>
    <ClCompile Include="Authentification\FaceBusinessPage.cpp">
      <Filter>Source Files\Authentification</Filter>
    </ClCompile>
    <ClCompile Include="Authentification\FingerBusinessPage.cpp">
      <Filter>Source Files\Authentification</Filter>
    </ClCompile>
    <ClCompile Include="Authentification\RecogResultPage.cpp">
      <Filter>Source Files\Authentification</Filter>
    </ClCompile>
    <ClCompile Include="Authentification\VeinBusinessPage.cpp">
      <Filter>Source Files\Authentification</Filter>
    </ClCompile>
    <ClCompile Include="Common\BaseDialog.cpp">
      <Filter>Source Files\Common</Filter>
    </ClCompile>
    <ClCompile Include="Common\BioTypeWidget.cpp">
      <Filter>Source Files\Common</Filter>
    </ClCompile>
    <ClCompile Include="Common\FramelessHelper.cpp">
      <Filter>Source Files\Common</Filter>
    </ClCompile>
    <ClCompile Include="Common\IpAddressPartWidget.cpp">
      <Filter>Source Files\Common</Filter>
    </ClCompile>
    <ClCompile Include="Common\IpAddressWidget.cpp">
      <Filter>Source Files\Common</Filter>
    </ClCompile>
    <ClCompile Include="Common\LoadingWidget.cpp">
      <Filter>Source Files\Common</Filter>
    </ClCompile>
    <ClCompile Include="Common\PictureShowWidget.cpp">
      <Filter>Source Files\Common</Filter>
    </ClCompile>
    <ClCompile Include="Common\ProgressIndicator.cpp">
      <Filter>Source Files\Common</Filter>
    </ClCompile>
    <ClCompile Include="Help\HelpPage.cpp">
      <Filter>Source Files\Help</Filter>
    </ClCompile>
    <ClCompile Include="QueryInfo\InfoQueryPage.cpp">
      <Filter>Source Files\QueryInfo</Filter>
    </ClCompile>
    <ClCompile Include="QueryInfo\ModelInfoQueryPage.cpp">
      <Filter>Source Files\QueryInfo</Filter>
    </ClCompile>
    <ClCompile Include="QueryInfo\RecogInfoQueryPage.cpp">
      <Filter>Source Files\QueryInfo</Filter>
    </ClCompile>
    <ClCompile Include="QueryInfo\RecordQueryPage.cpp">
      <Filter>Source Files\QueryInfo</Filter>
    </ClCompile>
    <ClCompile Include="SystemSettings\ModifyPasswdPage.cpp">
      <Filter>Source Files\SystemSettings</Filter>
    </ClCompile>
    <ClCompile Include="SystemSettings\SystemSettingsPage.cpp">
      <Filter>Source Files\SystemSettings</Filter>
    </ClCompile>
    <ClCompile Include="Window\ConfigWindow.cpp">
      <Filter>Source Files\Window</Filter>
    </ClCompile>
    <ClCompile Include="Window\LoadingWindow.cpp">
      <Filter>Source Files\Window</Filter>
    </ClCompile>
    <ClCompile Include="Window\LoginWindow.cpp">
      <Filter>Source Files\Window</Filter>
    </ClCompile>
    <ClCompile Include="Window\RegisterWindow.cpp">
      <Filter>Source Files\Window</Filter>
    </ClCompile>
    <ClCompile Include="Utils\common.cpp">
      <Filter>Utils</Filter>
    </ClCompile>
    <ClCompile Include="Utils\AppManager.cpp">
      <Filter>Utils</Filter>
    </ClCompile>
    <ClCompile Include="GeneratedFiles\Debug\moc_AppManager.cpp">
      <Filter>Generated Files\Debug</Filter>
    </ClCompile>
    <ClCompile Include="GeneratedFiles\Release\moc_AppManager.cpp">
      <Filter>Generated Files\Release</Filter>
    </ClCompile>
    <ClCompile Include="GeneratedFiles\Debug\moc_AEyeLog.cpp">
      <Filter>Generated Files\Debug</Filter>
    </ClCompile>
    <ClCompile Include="GeneratedFiles\Release\moc_AEyeLog.cpp">
      <Filter>Generated Files\Release</Filter>
    </ClCompile>
    <ClCompile Include="Log\AEyeLog.cpp">
      <Filter>Log</Filter>
    </ClCompile>
    <ClCompile Include="GeneratedFiles\Debug\moc_LocalServer.cpp">
      <Filter>Generated Files\Debug</Filter>
    </ClCompile>
    <ClCompile Include="GeneratedFiles\Release\moc_LocalServer.cpp">
      <Filter>Generated Files\Release</Filter>
    </ClCompile>
    <ClCompile Include="LocalService\LocalServer.cpp">
      <Filter>LocalService</Filter>
    </ClCompile>
    <ClCompile Include="GeneratedFiles\Debug\moc_LocalClient.cpp">
      <Filter>Generated Files\Debug</Filter>
    </ClCompile>
    <ClCompile Include="GeneratedFiles\Release\moc_LocalClient.cpp">
      <Filter>Generated Files\Release</Filter>
    </ClCompile>
    <ClCompile Include="LocalService\LocalClient.cpp">
      <Filter>LocalService</Filter>
    </ClCompile>
    <ClCompile Include="GeneratedFiles\Debug\moc_SingleProcessHelper.cpp">
      <Filter>Generated Files\Debug</Filter>
    </ClCompile>
    <ClCompile Include="GeneratedFiles\Release\moc_SingleProcessHelper.cpp">
      <Filter>Generated Files\Release</Filter>
    </ClCompile>
    <ClCompile Include="LocalService\SingleProcessHelper.cpp">
      <Filter>LocalService</Filter>
    </ClCompile>
  </ItemGroup>
  <ItemGroup>
    <CustomBuild Include="MBRClient.h">
      <Filter>Header Files</Filter>
    </CustomBuild>
    <CustomBuild Include="MBRClient.ui">
      <Filter>Form Files</Filter>
    </CustomBuild>
    <CustomBuild Include="MBRClient.qrc">
      <Filter>Resource Files</Filter>
    </CustomBuild>
    <CustomBuild Include="TopBarWidget.h">
      <Filter>Header Files</Filter>
    </CustomBuild>
    <CustomBuild Include="TopBarWidget.ui">
      <Filter>Form Files</Filter>
    </CustomBuild>
    <CustomBuild Include="StatusBarWidget.h">
      <Filter>Header Files</Filter>
    </CustomBuild>
    <CustomBuild Include="StatusBarWidget.ui">
      <Filter>Form Files</Filter>
    </CustomBuild>
    <CustomBuild Include="Window\ConfigWindow.h">
      <Filter>Header Files\Window</Filter>
    </CustomBuild>
    <CustomBuild Include="Window\LoadingWindow.h">
      <Filter>Header Files\Window</Filter>
    </CustomBuild>
    <CustomBuild Include="Window\LoginWindow.h">
      <Filter>Header Files\Window</Filter>
    </CustomBuild>
    <CustomBuild Include="Window\RegisterWindow.h">
      <Filter>Header Files\Window</Filter>
    </CustomBuild>
    <CustomBuild Include="SystemSettings\ModifyPasswdPage.h">
      <Filter>Header Files\SystemSettings</Filter>
    </CustomBuild>
    <CustomBuild Include="SystemSettings\SystemSettingsPage.h">
      <Filter>Header Files\SystemSettings</Filter>
    </CustomBuild>
    <CustomBuild Include="QueryInfo\InfoQueryPage.h">
      <Filter>Header Files\QueryInfo</Filter>
    </CustomBuild>
    <CustomBuild Include="QueryInfo\ModelInfoQueryPage.h">
      <Filter>Header Files\QueryInfo</Filter>
    </CustomBuild>
    <CustomBuild Include="QueryInfo\RecogInfoQueryPage.h">
      <Filter>Header Files\QueryInfo</Filter>
    </CustomBuild>
    <CustomBuild Include="QueryInfo\RecordQueryPage.h">
      <Filter>Header Files\QueryInfo</Filter>
    </CustomBuild>
    <CustomBuild Include="Help\HelpPage.h">
      <Filter>Header Files\Help</Filter>
    </CustomBuild>
    <CustomBuild Include="Common\BaseDialog.h">
      <Filter>Header Files\Common</Filter>
    </CustomBuild>
    <CustomBuild Include="Common\BioTypeWidget.h">
      <Filter>Header Files\Common</Filter>
    </CustomBuild>
    <CustomBuild Include="Common\FramelessHelper.h">
      <Filter>Header Files\Common</Filter>
    </CustomBuild>
    <CustomBuild Include="Common\IpAddressPartWidget.h">
      <Filter>Header Files\Common</Filter>
    </CustomBuild>
    <CustomBuild Include="Common\IpAddressWidget.h">
      <Filter>Header Files\Common</Filter>
    </CustomBuild>
    <CustomBuild Include="Common\LoadingWidget.h">
      <Filter>Header Files\Common</Filter>
    </CustomBuild>
    <CustomBuild Include="Common\PictureShowWidget.h">
      <Filter>Header Files\Common</Filter>
    </CustomBuild>
    <CustomBuild Include="Common\ProgressIndicator.h">
      <Filter>Header Files\Common</Filter>
    </CustomBuild>
    <CustomBuild Include="Authentification\AuthentificationPage.h">
      <Filter>Header Files\Authentification</Filter>
    </CustomBuild>
    <CustomBuild Include="Authentification\AuthModeSelectionPage.h">
      <Filter>Header Files\Authentification</Filter>
    </CustomBuild>
    <CustomBuild Include="Authentification\CollectionResultPage.h">
      <Filter>Header Files\Authentification</Filter>
    </CustomBuild>
    <CustomBuild Include="Authentification\CreatePersonInfoPage.h">
      <Filter>Header Files\Authentification</Filter>
    </CustomBuild>
    <CustomBuild Include="Authentification\FaceBusinessPage.h">
      <Filter>Header Files\Authentification</Filter>
    </CustomBuild>
    <CustomBuild Include="Authentification\FingerBusinessPage.h">
      <Filter>Header Files\Authentification</Filter>
    </CustomBuild>
    <CustomBuild Include="Authentification\RecogResultPage.h">
      <Filter>Header Files\Authentification</Filter>
    </CustomBuild>
    <CustomBuild Include="Authentification\VeinBusinessPage.h">
      <Filter>Header Files\Authentification</Filter>
    </CustomBuild>
    <CustomBuild Include="Window\ConfigWindow.ui">
      <Filter>Form Files\Window</Filter>
    </CustomBuild>
    <CustomBuild Include="Window\LoginWindow.ui">
      <Filter>Form Files\Window</Filter>
    </CustomBuild>
    <CustomBuild Include="Window\RegisterWindow.ui">
      <Filter>Form Files\Window</Filter>
    </CustomBuild>
    <CustomBuild Include="SystemSettings\ModifyPasswdPage.ui">
      <Filter>Form Files\SystemSettings</Filter>
    </CustomBuild>
    <CustomBuild Include="SystemSettings\SystemSettingsPage.ui">
      <Filter>Form Files\SystemSettings</Filter>
    </CustomBuild>
    <CustomBuild Include="QueryInfo\InfoQueryPage.ui">
      <Filter>Form Files\QueryInfo</Filter>
    </CustomBuild>
    <CustomBuild Include="QueryInfo\ModelInfoQueryPage.ui">
      <Filter>Form Files\QueryInfo</Filter>
    </CustomBuild>
    <CustomBuild Include="QueryInfo\RecogInfoQueryPage.ui">
      <Filter>Form Files\QueryInfo</Filter>
    </CustomBuild>
    <CustomBuild Include="QueryInfo\RecordQueryPage.ui">
      <Filter>Form Files\QueryInfo</Filter>
    </CustomBuild>
    <CustomBuild Include="Help\HelpPage.ui">
      <Filter>Form Files\Help</Filter>
    </CustomBuild>
    <CustomBuild Include="Common\BioTypeWidget.ui">
      <Filter>Form Files\Common</Filter>
    </CustomBuild>
    <CustomBuild Include="Common\PictureShowWidget.ui">
      <Filter>Form Files\Common</Filter>
    </CustomBuild>
    <CustomBuild Include="Authentification\AuthentificationPage.ui">
      <Filter>Form Files\Authentification</Filter>
    </CustomBuild>
    <CustomBuild Include="Authentification\AuthModeSelectionPage.ui">
      <Filter>Form Files\Authentification</Filter>
    </CustomBuild>
    <CustomBuild Include="Authentification\CollectionResultPage.ui">
      <Filter>Form Files\Authentification</Filter>
    </CustomBuild>
    <CustomBuild Include="Authentification\CreatePersonInfoPage.ui">
      <Filter>Form Files\Authentification</Filter>
    </CustomBuild>
    <CustomBuild Include="Authentification\FaceBusinessPage.ui">
      <Filter>Form Files\Authentification</Filter>
    </CustomBuild>
    <CustomBuild Include="Authentification\FingerBusinessPage.ui">
      <Filter>Form Files\Authentification</Filter>
    </CustomBuild>
    <CustomBuild Include="Authentification\RecogResultPage.ui">
      <Filter>Form Files\Authentification</Filter>
    </CustomBuild>
    <CustomBuild Include="Authentification\VeinBusinessPage.ui">
      <Filter>Form Files\Authentification</Filter>
    </CustomBuild>
    <CustomBuild Include="Utils\AppManager.h">
      <Filter>Utils</Filter>
    </CustomBuild>
    <CustomBuild Include="Log\AEyeLog.h">
      <Filter>Log</Filter>
    </CustomBuild>
    <CustomBuild Include="LocalService\LocalServer.h">
      <Filter>LocalService</Filter>
    </CustomBuild>
    <CustomBuild Include="LocalService\LocalClient.h">
      <Filter>LocalService</Filter>
    </CustomBuild>
    <CustomBuild Include="LocalService\SingleProcessHelper.h">
      <Filter>LocalService</Filter>
    </CustomBuild>
  </ItemGroup>
  <ItemGroup>
    <ClInclude Include="GeneratedFiles\ui_MBRClient.h">
      <Filter>Generated Files</Filter>
    </ClInclude>
    <ClInclude Include="GeneratedFiles\ui_TopBarWidget.h">
      <Filter>Generated Files</Filter>
    </ClInclude>
    <ClInclude Include="GeneratedFiles\ui_StatusBarWidget.h">
      <Filter>Generated Files</Filter>
    </ClInclude>
    <ClInclude Include="GeneratedFiles\ui_ConfigWindow.h">
      <Filter>Generated Files</Filter>
    </ClInclude>
    <ClInclude Include="GeneratedFiles\ui_LoginWindow.h">
      <Filter>Generated Files</Filter>
    </ClInclude>
    <ClInclude Include="GeneratedFiles\ui_RegisterWindow.h">
      <Filter>Generated Files</Filter>
    </ClInclude>
    <ClInclude Include="GeneratedFiles\ui_ModifyPasswdPage.h">
      <Filter>Generated Files</Filter>
    </ClInclude>
    <ClInclude Include="GeneratedFiles\ui_SystemSettingsPage.h">
      <Filter>Generated Files</Filter>
    </ClInclude>
    <ClInclude Include="GeneratedFiles\ui_InfoQueryPage.h">
      <Filter>Generated Files</Filter>
    </ClInclude>
    <ClInclude Include="GeneratedFiles\ui_ModelInfoQueryPage.h">
      <Filter>Generated Files</Filter>
    </ClInclude>
    <ClInclude Include="GeneratedFiles\ui_RecogInfoQueryPage.h">
      <Filter>Generated Files</Filter>
    </ClInclude>
    <ClInclude Include="GeneratedFiles\ui_RecordQueryPage.h">
      <Filter>Generated Files</Filter>
    </ClInclude>
    <ClInclude Include="GeneratedFiles\ui_HelpPage.h">
      <Filter>Generated Files</Filter>
    </ClInclude>
    <ClInclude Include="GeneratedFiles\ui_BioTypeWidget.h">
      <Filter>Generated Files</Filter>
    </ClInclude>
    <ClInclude Include="GeneratedFiles\ui_PictureShowWidget.h">
      <Filter>Generated Files</Filter>
    </ClInclude>
    <ClInclude Include="GeneratedFiles\ui_AuthentificationPage.h">
      <Filter>Generated Files</Filter>
    </ClInclude>
    <ClInclude Include="GeneratedFiles\ui_AuthModeSelectionPage.h">
      <Filter>Generated Files</Filter>
    </ClInclude>
    <ClInclude Include="GeneratedFiles\ui_CollectionResultPage.h">
      <Filter>Generated Files</Filter>
    </ClInclude>
    <ClInclude Include="GeneratedFiles\ui_CreatePersonInfoPage.h">
      <Filter>Generated Files</Filter>
    </ClInclude>
    <ClInclude Include="GeneratedFiles\ui_FaceBusinessPage.h">
      <Filter>Generated Files</Filter>
    </ClInclude>
    <ClInclude Include="GeneratedFiles\ui_FingerBusinessPage.h">
      <Filter>Generated Files</Filter>
    </ClInclude>
    <ClInclude Include="GeneratedFiles\ui_RecogResultPage.h">
      <Filter>Generated Files</Filter>
    </ClInclude>
    <ClInclude Include="GeneratedFiles\ui_VeinBusinessPage.h">
      <Filter>Generated Files</Filter>
    </ClInclude>
    <ClInclude Include="Utils\common.h">
      <Filter>Utils</Filter>
    </ClInclude>
  </ItemGroup>
</Project>